
Microsoft Visual Studio Solution File, Format Version 12.00
# Visual Studio Version 16
VisualStudioVersion = 16.0.29215.179
MinimumVisualStudioVersion = 10.0.40219.1
Project("{FAE04EC0-301F-11D3-BF4B-00C04F79EFBC}") = "BonusApp", "BonusApp.csproj", "{BBFCA68D-EB93-443C-8372-2081CF9D4D0A}"
EndProject
Global
	GlobalSection(SolutionConfigurationPlatforms) = preSolution
		Debug|Any CPU = Debug|Any CPU
		Release|Any CPU = Release|Any CPU
	EndGlobalSection
	GlobalSection(ProjectConfigurationPlatforms) = postSolution
		{BBFCA68D-EB93-443C-8372-2081CF9D4D0A}.Debug|Any CPU.ActiveCfg = Debug|Any CPU
		{BBFCA68D-EB93-443C-8372-2081CF9D4D0A}.Debug|Any CPU.Build.0 = Debug|Any CPU
		{BBFCA68D-EB93-443C-8372-2081CF9D4D0A}.Release|Any CPU.ActiveCfg = Release|Any CPU
		{BBFCA68D-EB93-443C-8372-2081CF9D4D0A}.Release|Any CPU.Build.0 = Release|Any CPU
	EndGlobalSection
	GlobalSection(SolutionProperties) = preSolution
		HideSolutionNode = FALSE
	EndGlobalSection
	GlobalSection(ExtensibilityGlobals) = postSolution
		SolutionGuid = {2E4B9B42-1A1D-4E30-8D4D-3F1F94B8F5AE}
	EndGlobalSection
EndGlobal
